
Microsoft Visual Studio Solution File, Format Version 12.00
# Visual Studio 15
VisualStudioVersion = 15.0.28307.421
MinimumVisualStudioVersion = 10.0.40219.1
Project("{FAE04EC0-301F-11D3-BF4B-00C04F79EFBC}") = "CRM.Model", "CRM.Model\CRM.Model.csproj", "{03D1084C-46F8-406D-B0BC-DB250201728F}"
EndProject
Project("{FAE04EC0-301F-11D3-BF4B-00C04F79EFBC}") = "CRM.Data", "CRM.Data\CRM.Data.csproj", "{BBC5AE22-DEB1-4CB1-9233-EA4040327B0E}"
EndProject
Project("{FAE04EC0-301F-11D3-BF4B-00C04F79EFBC}") = "CRM.Service", "CRM.Service\CRM.Service.csproj", "{CB6BC9A0-B6D4-4033-B608-58735E4759E5}"
EndProject
Project("{FAE04EC0-301F-11D3-BF4B-00C04F79EFBC}") = "CRM.UI", "CRM.UI\CRM.UI.csproj", "{550C44EA-FBDD-4604-B007-C1E6A344E7D4}"
EndProject
Global
	GlobalSection(SolutionConfigurationPlatforms) = preSolution
		Debug|Any CPU = Debug|Any CPU
		Release|Any CPU = Release|Any CPU
	EndGlobalSection
	GlobalSection(ProjectConfigurationPlatforms) = postSolution
		{03D1084C-46F8-406D-B0BC-DB250201728F}.Debug|Any CPU.ActiveCfg = Debug|Any CPU
		{03D1084C-46F8-406D-B0BC-DB250201728F}.Debug|Any CPU.Build.0 = Debug|Any CPU
		{03D1084C-46F8-406D-B0BC-DB250201728F}.Release|Any CPU.ActiveCfg = Release|Any CPU
		{03D1084C-46F8-406D-B0BC-DB250201728F}.Release|Any CPU.Build.0 = Release|Any CPU
		{BBC5AE22-DEB1-4CB1-9233-EA4040327B0E}.Debug|Any CPU.ActiveCfg = Debug|Any CPU
		{BBC5AE22-DEB1-4CB1-9233-EA4040327B0E}.Debug|Any CPU.Build.0 = Debug|Any CPU
		{BBC5AE22-DEB1-4CB1-9233-EA4040327B0E}.Release|Any CPU.ActiveCfg = Release|Any CPU
		{BBC5AE22-DEB1-4CB1-9233-EA4040327B0E}.Release|Any CPU.Build.0 = Release|Any CPU
		{CB6BC9A0-B6D4-4033-B608-58735E4759E5}.Debug|Any CPU.ActiveCfg = Debug|Any CPU
		{CB6BC9A0-B6D4-4033-B608-58735E4759E5}.Debug|Any CPU.Build.0 = Debug|Any CPU
		{CB6BC9A0-B6D4-4033-B608-58735E4759E5}.Release|Any CPU.ActiveCfg = Release|Any CPU
		{CB6BC9A0-B6D4-4033-B608-58735E4759E5}.Release|Any CPU.Build.0 = Release|Any CPU
		{550C44EA-FBDD-4604-B007-C1E6A344E7D4}.Debug|Any CPU.ActiveCfg = Debug|Any CPU
		{550C44EA-FBDD-4604-B007-C1E6A344E7D4}.Debug|Any CPU.Build.0 = Debug|Any CPU
		{550C44EA-FBDD-4604-B007-C1E6A344E7D4}.Release|Any CPU.ActiveCfg = Release|Any CPU
		{550C44EA-FBDD-4604-B007-C1E6A344E7D4}.Release|Any CPU.Build.0 = Release|Any CPU
	EndGlobalSection
	GlobalSection(SolutionProperties) = preSolution
		HideSolutionNode = FALSE
	EndGlobalSection
	GlobalSection(ExtensibilityGlobals) = postSolution
		SolutionGuid = {6BF0415D-C26F-48AA-B729-4F1CECB21618}
	EndGlobalSection
EndGlobal
